// !$*UTF8*$!
{
	archiveVersion = 1;
	classes = {
	};
	objectVersion = 46;
	objects = {

/* Begin PBXBuildFile section */
		372A63201DF0C0D7001DB108 /* TableViewCell.swift in Sources */ = {isa = PBXBuildFile; fileRef = 372A631F1DF0C0D7001DB108 /* TableViewCell.swift */; };
		372A63221DF0C862001DB108 /* Data.swift in Sources */ = {isa = PBXBuildFile; fileRef = 372A63211DF0C862001DB108 /* Data.swift */; };
		37E0766E1DEF449C00BBE150 /* AppDelegate.swift in Sources */ = {isa = PBXBuildFile; fileRef = 37E0766D1DEF449C00BBE150 /* AppDelegate.swift */; };
		37E076701DEF449C00BBE150 /* ViewController.swift in Sources */ = {isa = PBXBuildFile; fileRef = 37E0766F1DEF449C00BBE150 /* ViewController.swift */; };
		37E076731DEF449C00BBE150 /* Main.storyboard in Resources */ = {isa = PBXBuildFile; fileRef = 37E076711DEF449C00BBE150 /* Main.storyboard */; };
		37E076751DEF449C00BBE150 /* Assets.xcassets in Resources */ = {isa = PBXBuildFile; fileRef = 37E076741DEF449C00BBE150 /* Assets.xcassets */; };
		37E076781DEF449C00BBE150 /* LaunchScreen.storyboard in Resources */ = {isa = PBXBuildFile; fileRef = 37E076761DEF449C00BBE150 /* LaunchScreen.storyboard */; };
		37E87D1C1E01F1570014EDE4 /* SafariViewController.swift in Sources */ = {isa = PBXBuildFile; fileRef = 37E87D1B1E01F1570014EDE4 /* SafariViewController.swift */; };
/* End PBXBuildFile section */

/* Begin PBXFileReference section */
		372A631F1DF0C0D7001DB108 /* TableViewCell.swift */ = {isa = PBXFileReference; fileEncoding = 4; lastKnownFileType = sourcecode.swift; path = TableViewCell.swift; sourceTree = "<group>"; };
		372A63211DF0C862001DB108 /* Data.swift */ = {isa = PBXFileReference; fileEncoding = 4; lastKnownFileType = sourcecode.swift; path = Data.swift; sourceTree = "<group>"; };
		37E0766A1DEF449C00BBE150 /* Project2 - DanHefter.app */ = {isa = PBXFileReference; explicitFileType = wrapper.application; includeInIndex = 0; path = "Project2 - DanHefter.app"; sourceTree = BUILT_PRODUCTS_DIR; };
		37E0766D1DEF449C00BBE150 /* AppDelegate.swift */ = {isa = PBXFileReference; lastKnownFileType = sourcecode.swift; path = AppDelegate.swift; sourceTree = "<group>"; };
		37E0766F1DEF449C00BBE150 /* ViewController.swift */ = {isa = PBXFileReference; lastKnownFileType = sourcecode.swift; path = ViewController.swift; sourceTree = "<group>"; };
		37E076721DEF449C00BBE150 /* Base */ = {isa = PBXFileReference; lastKnownFileType = file.storyboard; name = Base; path = Base.lproj/Main.storyboard; sourceTree = "<group>"; };
		37E076741DEF449C00BBE150 /* Assets.xcassets */ = {isa = PBXFileReference; lastKnownFileType = folder.assetcatalog; path = Assets.xcassets; sourceTree = "<group>"; };
		37E076771DEF449C00BBE150 /* Base */ = {isa = PBXFileReference; lastKnownFileType = file.storyboard; name = Base; path = Base.lproj/LaunchScreen.storyboard; sourceTree = "<group>"; };
		37E076791DEF449C00BBE150 /* Info.plist */ = {isa = PBXFileReference; lastKnownFileType = text.plist.xml; path = Info.plist; sourceTree = "<group>"; };
		37E87D1B1E01F1570014EDE4 /* SafariViewController.swift */ = {isa = PBXFileReference; fileEncoding = 4; lastKnownFileType = sourcecode.swift; path = SafariViewController.swift; sourceTree = "<group>"; };
/* End PBXFileReference section */

/* Begin PBXFrameworksBuildPhase section */
		37E076671DEF449C00BBE150 /* Frameworks */ = {
			isa = PBXFrameworksBuildPhase;
			buildActionMask = 2147483647;
			files = (
			);
			runOnlyForDeploymentPostprocessing = 0;
		};
/* End PBXFrameworksBuildPhase section */

/* Begin PBXGroup section */
		37E076611DEF449C00BBE150 = {
			isa = PBXGroup;
			children = (
				37E0766C1DEF449C00BBE150 /* Project2 - DanHefter */,
				37E0766B1DEF449C00BBE150 /* Products */,
			);
			sourceTree = "<group>";
		};
		37E0766B1DEF449C00BBE150 /* Products */ = {
			isa = PBXGroup;
			children = (
				37E0766A1DEF449C00BBE150 /* Project2 - DanHefter.app */,
			);
			name = Products;
			sourceTree = "<group>";
		};
		37E0766C1DEF449C00BBE150 /* Project2 - DanHefter */ = {
			isa = PBXGroup;
			children = (
				37E0766D1DEF449C00BBE150 /* AppDelegate.swift */,
				37E0766F1DEF449C00BBE150 /* ViewController.swift */,
				372A631F1DF0C0D7001DB108 /* TableViewCell.swift */,
				372A63211DF0C862001DB108 /* Data.swift */,
				37E076711DEF449C00BBE150 /* Main.storyboard */,
				37E076741DEF449C00BBE150 /* Assets.xcassets */,
				37E076761DEF449C00BBE150 /* LaunchScreen.storyboard */,
				37E076791DEF449C00BBE150 /* Info.plist */,
				37E87D1B1E01F1570014EDE4 /* SafariViewController.swift */,
			);
			path = "Project2 - DanHefter";
			sourceTree = "<group>";
		};
/* End PBXGroup section */

/* Begin PBXNativeTarget section */
		37E076691DEF449C00BBE150 /* Project2 - DanHefter */ = {
			isa = PBXNativeTarget;
			buildConfigurationList = 37E0767C1DEF449C00BBE150 /* Build configuration list for PBXNativeTarget "Project2 - DanHefter" */;
			buildPhases = (
				37E076661DEF449C00BBE150 /* Sources */,
				37E076671DEF449C00BBE150 /* Frameworks */,
				37E076681DEF449C00BBE150 /* Resources */,
			);
			buildRules = (
			);
			dependencies = (
			);
			name = "Project2 - DanHefter";
			productName = "Project2 - DanHefter";
			productReference = 37E0766A1DEF449C00BBE150 /* Project2 - DanHefter.app */;
			productType = "com.apple.product-type.application";
		};
/* End PBXNativeTarget section */

/* Begin PBXProject section */
		37E076621DEF449C00BBE150 /* Project object */ = {
			isa = PBXProject;
			attributes = {
				LastSwiftUpdateCheck = 0810;
				LastUpgradeCheck = 0810;
				ORGANIZATIONNAME = GA;
				TargetAttributes = {
					37E076691DEF449C00BBE150 = {
						CreatedOnToolsVersion = 8.1;
						DevelopmentTeam = DZ528PGQF5;
						ProvisioningStyle = Automatic;
					};
				};
			};
			buildConfigurationList = 37E076651DEF449C00BBE150 /* Build configuration list for PBXProject "Project2 - DanHefter" */;
			compatibilityVersion = "Xcode 3.2";
			developmentRegion = English;
			hasScannedForEncodings = 0;
			knownRegions = (
				en,
				Base,
			);
			mainGroup = 37E076611DEF449C00BBE150;
			productRefGroup = 37E0766B1DEF449C00BBE150 /* Products */;
			projectDirPath = "";
			projectRoot = "";
			targets = (
				37E076691DEF449C00BBE150 /* Project2 - DanHefter */,
			);
		};
/* End PBXProject section */

/* Begin PBXResourcesBuildPhase section */
		37E076681DEF449C00BBE150 /* Resources */ = {
			isa = PBXResourcesBuildPhase;
			buildActionMask = 2147483647;
			files = (
				37E076781DEF449C00BBE150 /* LaunchScreen.storyboard in Resources */,
				37E076751DEF449C00BBE150 /* Assets.xcassets in Resources */,
				37E076731DEF449C00BBE150 /* Main.storyboard in Resources */,
			);
			runOnlyForDeploymentPostprocessing = 0;
		};
/* End PBXResourcesBuildPhase section */

/* Begin PBXSourcesBuildPhase section */
		37E076661DEF449C00BBE150 /* Sources */ = {
			isa = PBXSourcesBuildPhase;
			buildActionMask = 2147483647;
			files = (
				372A63201DF0C0D7001DB108 /* TableViewCell.swift in Sources */,
				37E076701DEF449C00BBE150 /* ViewController.swift in Sources */,
				37E87D1C1E01F1570014EDE4 /* SafariViewController.swift in Sources */,
				37E0766E1DEF449C00BBE150 /* AppDelegate.swift in Sources */,
				372A63221DF0C862001DB108 /* Data.swift in Sources */,
			);
			runOnlyForDeploymentPostprocessing = 0;
		};
/* End PBXSourcesBuildPhase section */

/* Begin PBXVariantGroup section */
		37E076711DEF449C00BBE150 /* Main.storyboard */ = {
			isa = PBXVariantGroup;
			children = (
				37E076721DEF449C00BBE150 /* Base */,
			);
			name = Main.storyboard;
			sourceTree = "<group>";
		};
		37E076761DEF449C00BBE150 /* LaunchScreen.storyboard */ = {
			isa = PBXVariantGroup;
			children = (
				37E076771DEF449C00BBE150 /* Base */,
			);
			name = LaunchScreen.storyboard;
			sourceTree = "<group>";
		};
/* End PBXVariantGroup section */

/* Begin XCBuildConfiguration section */
		37E0767A1DEF449C00BBE150 /* Debug */ = {
			isa = XCBuildConfiguration;
			buildSettings = {
				ALWAYS_SEARCH_USER_PATHS = NO;
				CLANG_ANALYZER_NONNULL = YES;
				CLANG_CXX_LANGUAGE_STANDARD = "gnu++0x";
				CLANG_CXX_LIBRARY = "libc++";
				CLANG_ENABLE_MODULES = YES;
				CLANG_ENABLE_OBJC_ARC = YES;
				CLANG_WARN_BOOL_CONVERSION = YES;
				CLANG_WARN_CONSTANT_CONVERSION = YES;
				CLANG_WARN_DIRECT_OBJC_ISA_USAGE = YES_ERROR;
				CLANG_WARN_DOCUMENTATION_COMMENTS = YES;
				CLANG_WARN_EMPTY_BODY = YES;
				CLANG_WARN_ENUM_CONVERSION = YES;
				CLANG_WARN_INFINITE_RECURSION = YES;
				CLANG_WARN_INT_CONVERSION = YES;
				CLANG_WARN_OBJC_ROOT_CLASS = YES_ERROR;
				CLANG_WARN_SUSPICIOUS_MOVES = YES;
				CLANG_WARN_UNREACHABLE_CODE = YES;
				CLANG_WARN__DUPLICATE_METHOD_MATCH = YES;
				"CODE_SIGN_IDENTITY[sdk=iphoneos*]" = "iPhone Developer";
				COPY_PHASE_STRIP = NO;
				DEBUG_INFORMATION_FORMAT = dwarf;
				ENABLE_STRICT_OBJC_MSGSEND = YES;
				ENABLE_TESTABILITY = YES;
				GCC_C_LANGUAGE_STANDARD = gnu99;
				GCC_DYNAMIC_NO_PIC = NO;
				GCC_NO_COMMON_BLOCKS = YES;
				GCC_OPTIMIZATION_LEVEL = 0;
				GCC_PREPROCESSOR_DEFINITIONS = (
					"DEBUG=1",
					"$(inherited)",
				);
				GCC_WARN_64_TO_32_BIT_CONVERSION = YES;
				GCC_WARN_ABOUT_RETURN_TYPE = YES_ERROR;
				GCC_WARN_UNDECLARED_SELECTOR = YES;
				GCC_WARN_UNINITIALIZED_AUTOS = YES_AGGRESSIVE;
				GCC_WARN_UNUSED_FUNCTION = YES;
				GCC_WARN_UNUSED_VARIABLE = YES;
				IPHONEOS_DEPLOYMENT_TARGET = 10.1;
				MTL_ENABLE_DEBUG_INFO = YES;
				ONLY_ACTIVE_ARCH = YES;
				SDKROOT = iphoneos;
				SWIFT_ACTIVE_COMPILATION_CONDITIONS = DEBUG;
				SWIFT_OPTIMIZATION_LEVEL = "-Onone";
				TARGETED_DEVICE_FAMILY = "1,2";
			};
			name = Debug;
		};
		37E0767B1DEF449C00BBE150 /* Release */ = {
			isa = XCBuildConfiguration;
			buildSettings = {
				ALWAYS_SEARCH_USER_PATHS = NO;
				CLANG_ANALYZER_NONNULL = YES;
				CLANG_CXX_LANGUAGE_STANDARD = "gnu++0x";
				CLANG_CXX_LIBRARY = "libc++";
				CLANG_ENABLE_MODULES = YES;
				CLANG_ENABLE_OBJC_ARC = YES;
				CLANG_WARN_BOOL_CONVERSION = YES;
				CLANG_WARN_CONSTANT_CONVERSION = YES;
				CLANG_WARN_DIRECT_OBJC_ISA_USAGE = YES_ERROR;
				CLANG_WARN_DOCUMENTATION_COMMENTS = YES;
				CLANG_WARN_EMPTY_BODY = YES;
				CLANG_WARN_ENUM_CONVERSION = YES;
				CLANG_WARN_INFINITE_RECURSION = YES;
				CLANG_WARN_INT_CONVERSION = YES;
				CLANG_WARN_OBJC_ROOT_CLASS = YES_ERROR;
				CLANG_WARN_SUSPICIOUS_MOVES = YES;
				CLANG_WARN_UNREACHABLE_CODE = YES;
				CLANG_WARN__DUPLICATE_METHOD_MATCH = YES;
				"CODE_SIGN_IDENTITY[sdk=iphoneos*]" = "iPhone Developer";
				COPY_PHASE_STRIP = NO;
				DEBUG_INFORMATION_FORMAT = "dwarf-with-dsym";
				ENABLE_NS_ASSERTIONS = NO;
				ENABLE_STRICT_OBJC_MSGSEND = YES;
				GCC_C_LANGUAGE_STANDARD = gnu99;
				GCC_NO_COMMON_BLOCKS = YES;
				GCC_WARN_64_TO_32_BIT_CONVERSION = YES;
				GCC_WARN_ABOUT_RETURN_TYPE = YES_ERROR;
				GCC_WARN_UNDECLARED_SELECTOR = YES;
				GCC_WARN_UNINITIALIZED_AUTOS = YES_AGGRESSIVE;
				GCC_WARN_UNUSED_FUNCTION = YES;
				GCC_WARN_UNUSED_VARIABLE = YES;
				IPHONEOS_DEPLOYMENT_TARGET = 10.1;
				MTL_ENABLE_DEBUG_INFO = NO;
				SDKROOT = iphoneos;
				SWIFT_OPTIMIZATION_LEVEL = "-Owholemodule";
				TARGETED_DEVICE_FAMILY = "1,2";
				VALIDATE_PRODUCT = YES;
			};
			name = Release;
		};
		37E0767D1DEF449C00BBE150 /* Debug */ = {
			isa = XCBuildConfiguration;
			buildSettings = {
				ASSETCATALOG_COMPILER_APPICON_NAME = AppIcon;
				DEVELOPMENT_TEAM = DZ528PGQF5;
				INFOPLIST_FILE = "Project2 - DanHefter/Info.plist";
				LD_RUNPATH_SEARCH_PATHS = "$(inherited) @executable_path/Frameworks";
				PRODUCT_BUNDLE_IDENTIFIER = "com.danhefter.Project2---DanHefter";
				PRODUCT_NAME = "$(TARGET_NAME)";
				SWIFT_VERSION = 3.0;
			};
			name = Debug;
		};
		37E0767E1DEF449C00BBE150 /* Release */ = {
			isa = XCBuildConfiguration;
			buildSettings = {
				ASSETCATALOG_COMPILER_APPICON_NAME = AppIcon;
				DEVELOPMENT_TEAM = DZ528PGQF5;
				INFOPLIST_FILE = "Project2 - DanHefter/Info.plist";
				LD_RUNPATH_SEARCH_PATHS = "$(inherited) @executable_path/Frameworks";
				PRODUCT_BUNDLE_IDENTIFIER = "com.danhefter.Project2---DanHefter";
				PRODUCT_NAME = "$(TARGET_NAME)";
				SWIFT_VERSION = 3.0;
			};
			name = Release;
		};
/* End XCBuildConfiguration section */

/* Begin XCConfigurationList section */
		37E076651DEF449C00BBE150 /* Build configuration list for PBXProject "Project2 - DanHefter" */ = {
			isa = XCConfigurationList;
			buildConfigurations = (
				37E0767A1DEF449C00BBE150 /* Debug */,
				37E0767B1DEF449C00BBE150 /* Release */,
			);
			defaultConfigurationIsVisible = 0;
			defaultConfigurationName = Release;
		};
		37E0767C1DEF449C00BBE150 /* Build configuration list for PBXNativeTarget "Project2 - DanHefter" */ = {
			isa = XCConfigurationList;
			buildConfigurations = (
				37E0767D1DEF449C00BBE150 /* Debug */,
				37E0767E1DEF449C00BBE150 /* Release */,
			);
			defaultConfigurationIsVisible = 0;
			defaultConfigurationName = Release;
		};
/* End XCConfigurationList section */
	};
	rootObject = 37E076621DEF449C00BBE150 /* Project object */;
}
